// !$*UTF8*$!
{
	archiveVersion = 1;
	classes = {
	};
	objectVersion = 56;
	objects = {

/* Begin PBXBuildFile section */
		3E2E3BBA2B309FEA005EDC4A /* WorkoutView.swift in Sources */ = {isa = PBXBuildFile; fileRef = 3E2E3BB92B309FEA005EDC4A /* WorkoutView.swift */; };
		3E45CBA32B2DF82C00CFB57D /* WorkoutModel.swift in Sources */ = {isa = PBXBuildFile; fileRef = 3E45CBA22B2DF82C00CFB57D /* WorkoutModel.swift */; };
		3E45CBA72B2E1D8E00CFB57D /* WorkoutExerciseModel.swift in Sources */ = {isa = PBXBuildFile; fileRef = 3E45CBA62B2E1D8E00CFB57D /* WorkoutExerciseModel.swift */; };
		3E45CBA92B2E1E5000CFB57D /* WorkoutSetModel.swift in Sources */ = {isa = PBXBuildFile; fileRef = 3E45CBA82B2E1E5000CFB57D /* WorkoutSetModel.swift */; };
		3E45CBAD2B2E2D8400CFB57D /* WorkoutViewOld.swift in Sources */ = {isa = PBXBuildFile; fileRef = 3E45CBAC2B2E2D8400CFB57D /* WorkoutViewOld.swift */; };
		3EA2ECAA2B2B1B760040F62F /* HomeViewModel.swift in Sources */ = {isa = PBXBuildFile; fileRef = 3EA2ECA92B2B1B760040F62F /* HomeViewModel.swift */; };
		3ED8544E2B2A4117007C0B3D /* Fitwise.swift in Sources */ = {isa = PBXBuildFile; fileRef = 3ED8544D2B2A4117007C0B3D /* Fitwise.swift */; };
		3ED854522B2A4117007C0B3D /* Assets.xcassets in Resources */ = {isa = PBXBuildFile; fileRef = 3ED854512B2A4117007C0B3D /* Assets.xcassets */; };
		3ED854552B2A4117007C0B3D /* Preview Assets.xcassets in Resources */ = {isa = PBXBuildFile; fileRef = 3ED854542B2A4117007C0B3D /* Preview Assets.xcassets */; };
		3ED8545F2B2A419B007C0B3D /* HomeView.swift in Sources */ = {isa = PBXBuildFile; fileRef = 3ED8545C2B2A419B007C0B3D /* HomeView.swift */; };
		3ED854602B2A419B007C0B3D /* EntryView.swift in Sources */ = {isa = PBXBuildFile; fileRef = 3ED8545D2B2A419B007C0B3D /* EntryView.swift */; };
		3ED854612B2A419B007C0B3D /* OnboardingView.swift in Sources */ = {isa = PBXBuildFile; fileRef = 3ED8545E2B2A419B007C0B3D /* OnboardingView.swift */; };
		3ED854712B2A41DF007C0B3D /* ExerciseModel.swift in Sources */ = {isa = PBXBuildFile; fileRef = 3ED854642B2A41DF007C0B3D /* ExerciseModel.swift */; };
		3ED854722B2A41DF007C0B3D /* SupportingModels.swift in Sources */ = {isa = PBXBuildFile; fileRef = 3ED854652B2A41DF007C0B3D /* SupportingModels.swift */; };
		3ED854732B2A41DF007C0B3D /* UserModel.swift in Sources */ = {isa = PBXBuildFile; fileRef = 3ED854662B2A41DF007C0B3D /* UserModel.swift */; };
		3ED854742B2A41DF007C0B3D /* RoutineDayModel.swift in Sources */ = {isa = PBXBuildFile; fileRef = 3ED854672B2A41DF007C0B3D /* RoutineDayModel.swift */; };
		3ED854752B2A41DF007C0B3D /* Decoder.swift in Sources */ = {isa = PBXBuildFile; fileRef = 3ED854692B2A41DF007C0B3D /* Decoder.swift */; };
		3ED854762B2A41DF007C0B3D /* RoutineManager.swift in Sources */ = {isa = PBXBuildFile; fileRef = 3ED8546A2B2A41DF007C0B3D /* RoutineManager.swift */; };
		3ED854772B2A41DF007C0B3D /* exercises.json in Resources */ = {isa = PBXBuildFile; fileRef = 3ED8546B2B2A41DF007C0B3D /* exercises.json */; };
		3ED854782B2A41DF007C0B3D /* Migrator.swift in Sources */ = {isa = PBXBuildFile; fileRef = 3ED8546C2B2A41DF007C0B3D /* Migrator.swift */; };
		3ED854792B2A41DF007C0B3D /* Binding+Extension.swift in Sources */ = {isa = PBXBuildFile; fileRef = 3ED8546E2B2A41DF007C0B3D /* Binding+Extension.swift */; };
		3ED8547A2B2A41DF007C0B3D /* OnboardingViewModel.swift in Sources */ = {isa = PBXBuildFile; fileRef = 3ED854702B2A41DF007C0B3D /* OnboardingViewModel.swift */; };
		3ED8547D2B2A4201007C0B3D /* Realm in Frameworks */ = {isa = PBXBuildFile; productRef = 3ED8547C2B2A4201007C0B3D /* Realm */; };
		3ED8547F2B2A4201007C0B3D /* RealmSwift in Frameworks */ = {isa = PBXBuildFile; productRef = 3ED8547E2B2A4201007C0B3D /* RealmSwift */; };
/* End PBXBuildFile section */

/* Begin PBXFileReference section */
		3E2E3BB92B309FEA005EDC4A /* WorkoutView.swift */ = {isa = PBXFileReference; lastKnownFileType = sourcecode.swift; path = WorkoutView.swift; sourceTree = "<group>"; };
		3E45CBA22B2DF82C00CFB57D /* WorkoutModel.swift */ = {isa = PBXFileReference; lastKnownFileType = sourcecode.swift; path = WorkoutModel.swift; sourceTree = "<group>"; };
		3E45CBA62B2E1D8E00CFB57D /* WorkoutExerciseModel.swift */ = {isa = PBXFileReference; lastKnownFileType = sourcecode.swift; path = WorkoutExerciseModel.swift; sourceTree = "<group>"; };
		3E45CBA82B2E1E5000CFB57D /* WorkoutSetModel.swift */ = {isa = PBXFileReference; lastKnownFileType = sourcecode.swift; path = WorkoutSetModel.swift; sourceTree = "<group>"; };
		3E45CBAC2B2E2D8400CFB57D /* WorkoutViewOld.swift */ = {isa = PBXFileReference; lastKnownFileType = sourcecode.swift; path = WorkoutViewOld.swift; sourceTree = "<group>"; };
		3EA2ECA92B2B1B760040F62F /* HomeViewModel.swift */ = {isa = PBXFileReference; lastKnownFileType = sourcecode.swift; path = HomeViewModel.swift; sourceTree = "<group>"; };
		3ED8544A2B2A4117007C0B3D /* Fitwise AI.app */ = {isa = PBXFileReference; explicitFileType = wrapper.application; includeInIndex = 0; path = "Fitwise AI.app"; sourceTree = BUILT_PRODUCTS_DIR; };
		3ED8544D2B2A4117007C0B3D /* Fitwise.swift */ = {isa = PBXFileReference; lastKnownFileType = sourcecode.swift; path = Fitwise.swift; sourceTree = "<group>"; };
		3ED854512B2A4117007C0B3D /* Assets.xcassets */ = {isa = PBXFileReference; lastKnownFileType = folder.assetcatalog; path = Assets.xcassets; sourceTree = "<group>"; };
		3ED854542B2A4117007C0B3D /* Preview Assets.xcassets */ = {isa = PBXFileReference; lastKnownFileType = folder.assetcatalog; path = "Preview Assets.xcassets"; sourceTree = "<group>"; };
		3ED8545C2B2A419B007C0B3D /* HomeView.swift */ = {isa = PBXFileReference; fileEncoding = 4; lastKnownFileType = sourcecode.swift; path = HomeView.swift; sourceTree = "<group>"; };
		3ED8545D2B2A419B007C0B3D /* EntryView.swift */ = {isa = PBXFileReference; fileEncoding = 4; lastKnownFileType = sourcecode.swift; name = EntryView.swift; path = ../EntryView.swift; sourceTree = "<group>"; };
		3ED8545E2B2A419B007C0B3D /* OnboardingView.swift */ = {isa = PBXFileReference; fileEncoding = 4; lastKnownFileType = sourcecode.swift; path = OnboardingView.swift; sourceTree = "<group>"; };
		3ED854642B2A41DF007C0B3D /* ExerciseModel.swift */ = {isa = PBXFileReference; fileEncoding = 4; lastKnownFileType = sourcecode.swift; path = ExerciseModel.swift; sourceTree = "<group>"; };
		3ED854652B2A41DF007C0B3D /* SupportingModels.swift */ = {isa = PBXFileReference; fileEncoding = 4; lastKnownFileType = sourcecode.swift; path = SupportingModels.swift; sourceTree = "<group>"; };
		3ED854662B2A41DF007C0B3D /* UserModel.swift */ = {isa = PBXFileReference; fileEncoding = 4; lastKnownFileType = sourcecode.swift; path = UserModel.swift; sourceTree = "<group>"; };
		3ED854672B2A41DF007C0B3D /* RoutineDayModel.swift */ = {isa = PBXFileReference; fileEncoding = 4; lastKnownFileType = sourcecode.swift; path = RoutineDayModel.swift; sourceTree = "<group>"; };
		3ED854692B2A41DF007C0B3D /* Decoder.swift */ = {isa = PBXFileReference; fileEncoding = 4; lastKnownFileType = sourcecode.swift; path = Decoder.swift; sourceTree = "<group>"; };
		3ED8546A2B2A41DF007C0B3D /* RoutineManager.swift */ = {isa = PBXFileReference; fileEncoding = 4; lastKnownFileType = sourcecode.swift; path = RoutineManager.swift; sourceTree = "<group>"; };
		3ED8546B2B2A41DF007C0B3D /* exercises.json */ = {isa = PBXFileReference; fileEncoding = 4; lastKnownFileType = text.json; path = exercises.json; sourceTree = "<group>"; };
		3ED8546C2B2A41DF007C0B3D /* Migrator.swift */ = {isa = PBXFileReference; fileEncoding = 4; lastKnownFileType = sourcecode.swift; path = Migrator.swift; sourceTree = "<group>"; };
		3ED8546E2B2A41DF007C0B3D /* Binding+Extension.swift */ = {isa = PBXFileReference; fileEncoding = 4; lastKnownFileType = sourcecode.swift; path = "Binding+Extension.swift"; sourceTree = "<group>"; };
		3ED854702B2A41DF007C0B3D /* OnboardingViewModel.swift */ = {isa = PBXFileReference; fileEncoding = 4; lastKnownFileType = sourcecode.swift; path = OnboardingViewModel.swift; sourceTree = "<group>"; };
/* End PBXFileReference section */

/* Begin PBXFrameworksBuildPhase section */
		3ED854472B2A4117007C0B3D /* Frameworks */ = {
			isa = PBXFrameworksBuildPhase;
			buildActionMask = 2147483647;
			files = (
				3ED8547F2B2A4201007C0B3D /* RealmSwift in Frameworks */,
				3ED8547D2B2A4201007C0B3D /* Realm in Frameworks */,
			);
			runOnlyForDeploymentPostprocessing = 0;
		};
/* End PBXFrameworksBuildPhase section */

/* Begin PBXGroup section */
		3E45CBA52B2E1D7B00CFB57D /* Workout */ = {
			isa = PBXGroup;
			children = (
				3E45CBA22B2DF82C00CFB57D /* WorkoutModel.swift */,
				3E45CBA62B2E1D8E00CFB57D /* WorkoutExerciseModel.swift */,
				3E45CBA82B2E1E5000CFB57D /* WorkoutSetModel.swift */,
			);
			path = Workout;
			sourceTree = "<group>";
		};
		3ED854412B2A4116007C0B3D = {
			isa = PBXGroup;
			children = (
				3ED8544C2B2A4117007C0B3D /* Fitwise AI */,
				3ED8544B2B2A4117007C0B3D /* Products */,
			);
			sourceTree = "<group>";
		};
		3ED8544B2B2A4117007C0B3D /* Products */ = {
			isa = PBXGroup;
			children = (
				3ED8544A2B2A4117007C0B3D /* Fitwise AI.app */,
			);
			name = Products;
			sourceTree = "<group>";
		};
		3ED8544C2B2A4117007C0B3D /* Fitwise AI */ = {
			isa = PBXGroup;
			children = (
				3ED8544D2B2A4117007C0B3D /* Fitwise.swift */,
				3ED854622B2A41DF007C0B3D /* Models */,
				3ED8546F2B2A41DF007C0B3D /* ViewModels */,
				3ED8545B2B2A419B007C0B3D /* Views */,
				3ED854682B2A41DF007C0B3D /* Managers */,
				3ED8546D2B2A41DF007C0B3D /* Extensions */,
				3ED854512B2A4117007C0B3D /* Assets.xcassets */,
				3ED854532B2A4117007C0B3D /* Preview Content */,
			);
			path = "Fitwise AI";
			sourceTree = "<group>";
		};
		3ED854532B2A4117007C0B3D /* Preview Content */ = {
			isa = PBXGroup;
			children = (
				3ED854542B2A4117007C0B3D /* Preview Assets.xcassets */,
			);
			path = "Preview Content";
			sourceTree = "<group>";
		};
		3ED8545B2B2A419B007C0B3D /* Views */ = {
			isa = PBXGroup;
			children = (
				3ED8545D2B2A419B007C0B3D /* EntryView.swift */,
				3ED8545E2B2A419B007C0B3D /* OnboardingView.swift */,
				3ED8545C2B2A419B007C0B3D /* HomeView.swift */,
				3E2E3BB92B309FEA005EDC4A /* WorkoutView.swift */,
			);
			path = Views;
			sourceTree = "<group>";
		};
		3ED854622B2A41DF007C0B3D /* Models */ = {
			isa = PBXGroup;
			children = (
				3ED854662B2A41DF007C0B3D /* UserModel.swift */,
				3ED854672B2A41DF007C0B3D /* RoutineDayModel.swift */,
				3ED854632B2A41DF007C0B3D /* Exercise */,
				3E45CBA52B2E1D7B00CFB57D /* Workout */,
			);
			path = Models;
			sourceTree = "<group>";
		};
		3ED854632B2A41DF007C0B3D /* Exercise */ = {
			isa = PBXGroup;
			children = (
				3ED854642B2A41DF007C0B3D /* ExerciseModel.swift */,
				3ED854652B2A41DF007C0B3D /* SupportingModels.swift */,
			);
			path = Exercise;
			sourceTree = "<group>";
		};
		3ED854682B2A41DF007C0B3D /* Managers */ = {
			isa = PBXGroup;
			children = (
				3ED8546B2B2A41DF007C0B3D /* exercises.json */,
				3ED8546A2B2A41DF007C0B3D /* RoutineManager.swift */,
				3ED854692B2A41DF007C0B3D /* Decoder.swift */,
				3ED8546C2B2A41DF007C0B3D /* Migrator.swift */,
			);
			path = Managers;
			sourceTree = "<group>";
		};
		3ED8546D2B2A41DF007C0B3D /* Extensions */ = {
			isa = PBXGroup;
			children = (
				3E45CBAC2B2E2D8400CFB57D /* WorkoutViewOld.swift */,
				3ED8546E2B2A41DF007C0B3D /* Binding+Extension.swift */,
			);
			path = Extensions;
			sourceTree = "<group>";
		};
		3ED8546F2B2A41DF007C0B3D /* ViewModels */ = {
			isa = PBXGroup;
			children = (
				3ED854702B2A41DF007C0B3D /* OnboardingViewModel.swift */,
				3EA2ECA92B2B1B760040F62F /* HomeViewModel.swift */,
			);
			path = ViewModels;
			sourceTree = "<group>";
		};
/* End PBXGroup section */

/* Begin PBXNativeTarget section */
		3ED854492B2A4117007C0B3D /* Fitwise AI */ = {
			isa = PBXNativeTarget;
			buildConfigurationList = 3ED854582B2A4117007C0B3D /* Build configuration list for PBXNativeTarget "Fitwise AI" */;
			buildPhases = (
				3ED854462B2A4117007C0B3D /* Sources */,
				3ED854472B2A4117007C0B3D /* Frameworks */,
				3ED854482B2A4117007C0B3D /* Resources */,
			);
			buildRules = (
			);
			dependencies = (
			);
			name = "Fitwise AI";
			packageProductDependencies = (
				3ED8547C2B2A4201007C0B3D /* Realm */,
				3ED8547E2B2A4201007C0B3D /* RealmSwift */,
			);
			productName = "Fitwise AI";
			productReference = 3ED8544A2B2A4117007C0B3D /* Fitwise AI.app */;
			productType = "com.apple.product-type.application";
		};
/* End PBXNativeTarget section */

/* Begin PBXProject section */
		3ED854422B2A4116007C0B3D /* Project object */ = {
			isa = PBXProject;
			attributes = {
				BuildIndependentTargetsInParallel = 1;
				LastSwiftUpdateCheck = 1500;
				LastUpgradeCheck = 1500;
				TargetAttributes = {
					3ED854492B2A4117007C0B3D = {
						CreatedOnToolsVersion = 15.0.1;
					};
				};
			};
			buildConfigurationList = 3ED854452B2A4116007C0B3D /* Build configuration list for PBXProject "Fitwise AI" */;
			compatibilityVersion = "Xcode 14.0";
			developmentRegion = en;
			hasScannedForEncodings = 0;
			knownRegions = (
				en,
				Base,
			);
			mainGroup = 3ED854412B2A4116007C0B3D;
			packageReferences = (
				3ED8547B2B2A4201007C0B3D /* XCRemoteSwiftPackageReference "realm-swift" */,
			);
			productRefGroup = 3ED8544B2B2A4117007C0B3D /* Products */;
			projectDirPath = "";
			projectRoot = "";
			targets = (
				3ED854492B2A4117007C0B3D /* Fitwise AI */,
			);
		};
/* End PBXProject section */

/* Begin PBXResourcesBuildPhase section */
		3ED854482B2A4117007C0B3D /* Resources */ = {
			isa = PBXResourcesBuildPhase;
			buildActionMask = 2147483647;
			files = (
				3ED854552B2A4117007C0B3D /* Preview Assets.xcassets in Resources */,
				3ED854522B2A4117007C0B3D /* Assets.xcassets in Resources */,
				3ED854772B2A41DF007C0B3D /* exercises.json in Resources */,
			);
			runOnlyForDeploymentPostprocessing = 0;
		};
/* End PBXResourcesBuildPhase section */

/* Begin PBXSourcesBuildPhase section */
		3ED854462B2A4117007C0B3D /* Sources */ = {
			isa = PBXSourcesBuildPhase;
			buildActionMask = 2147483647;
			files = (
				3E45CBA72B2E1D8E00CFB57D /* WorkoutExerciseModel.swift in Sources */,
				3ED8545F2B2A419B007C0B3D /* HomeView.swift in Sources */,
				3E45CBA32B2DF82C00CFB57D /* WorkoutModel.swift in Sources */,
				3ED854792B2A41DF007C0B3D /* Binding+Extension.swift in Sources */,
				3E2E3BBA2B309FEA005EDC4A /* WorkoutView.swift in Sources */,
				3E45CBAD2B2E2D8400CFB57D /* WorkoutViewOld.swift in Sources */,
				3ED854732B2A41DF007C0B3D /* UserModel.swift in Sources */,
				3ED8544E2B2A4117007C0B3D /* Fitwise.swift in Sources */,
				3ED854782B2A41DF007C0B3D /* Migrator.swift in Sources */,
				3ED854722B2A41DF007C0B3D /* SupportingModels.swift in Sources */,
				3ED8547A2B2A41DF007C0B3D /* OnboardingViewModel.swift in Sources */,
				3ED854762B2A41DF007C0B3D /* RoutineManager.swift in Sources */,
				3ED854752B2A41DF007C0B3D /* Decoder.swift in Sources */,
				3EA2ECAA2B2B1B760040F62F /* HomeViewModel.swift in Sources */,
				3E45CBA92B2E1E5000CFB57D /* WorkoutSetModel.swift in Sources */,
				3ED854612B2A419B007C0B3D /* OnboardingView.swift in Sources */,
				3ED854742B2A41DF007C0B3D /* RoutineDayModel.swift in Sources */,
				3ED854602B2A419B007C0B3D /* EntryView.swift in Sources */,
				3ED854712B2A41DF007C0B3D /* ExerciseModel.swift in Sources */,
			);
			runOnlyForDeploymentPostprocessing = 0;
		};
/* End PBXSourcesBuildPhase section */

/* Begin XCBuildConfiguration section */
		3ED854562B2A4117007C0B3D /* Debug */ = {
			isa = XCBuildConfiguration;
			buildSettings = {
				ALWAYS_SEARCH_USER_PATHS = NO;
				ASSETCATALOG_COMPILER_GENERATE_SWIFT_ASSET_SYMBOL_EXTENSIONS = YES;
				CLANG_ANALYZER_NONNULL = YES;
				CLANG_ANALYZER_NUMBER_OBJECT_CONVERSION = YES_AGGRESSIVE;
				CLANG_CXX_LANGUAGE_STANDARD = "gnu++20";
				CLANG_ENABLE_MODULES = YES;
				CLANG_ENABLE_OBJC_ARC = YES;
				CLANG_ENABLE_OBJC_WEAK = YES;
				CLANG_WARN_BLOCK_CAPTURE_AUTORELEASING = YES;
				CLANG_WARN_BOOL_CONVERSION = YES;
				CLANG_WARN_COMMA = YES;
				CLANG_WARN_CONSTANT_CONVERSION = YES;
				CLANG_WARN_DEPRECATED_OBJC_IMPLEMENTATIONS = YES;
				CLANG_WARN_DIRECT_OBJC_ISA_USAGE = YES_ERROR;
				CLANG_WARN_DOCUMENTATION_COMMENTS = YES;
				CLANG_WARN_EMPTY_BODY = YES;
				CLANG_WARN_ENUM_CONVERSION = YES;
				CLANG_WARN_INFINITE_RECURSION = YES;
				CLANG_WARN_INT_CONVERSION = YES;
				CLANG_WARN_NON_LITERAL_NULL_CONVERSION = YES;
				CLANG_WARN_OBJC_IMPLICIT_RETAIN_SELF = YES;
				CLANG_WARN_OBJC_LITERAL_CONVERSION = YES;
				CLANG_WARN_OBJC_ROOT_CLASS = YES_ERROR;
				CLANG_WARN_QUOTED_INCLUDE_IN_FRAMEWORK_HEADER = YES;
				CLANG_WARN_RANGE_LOOP_ANALYSIS = YES;
				CLANG_WARN_STRICT_PROTOTYPES = YES;
				CLANG_WARN_SUSPICIOUS_MOVE = YES;
				CLANG_WARN_UNGUARDED_AVAILABILITY = YES_AGGRESSIVE;
				CLANG_WARN_UNREACHABLE_CODE = YES;
				CLANG_WARN__DUPLICATE_METHOD_MATCH = YES;
				COPY_PHASE_STRIP = NO;
				DEBUG_INFORMATION_FORMAT = dwarf;
				ENABLE_STRICT_OBJC_MSGSEND = YES;
				ENABLE_TESTABILITY = YES;
				ENABLE_USER_SCRIPT_SANDBOXING = YES;
				GCC_C_LANGUAGE_STANDARD = gnu17;
				GCC_DYNAMIC_NO_PIC = NO;
				GCC_NO_COMMON_BLOCKS = YES;
				GCC_OPTIMIZATION_LEVEL = 0;
				GCC_PREPROCESSOR_DEFINITIONS = (
					"DEBUG=1",
					"$(inherited)",
				);
				GCC_WARN_64_TO_32_BIT_CONVERSION = YES;
				GCC_WARN_ABOUT_RETURN_TYPE = YES_ERROR;
				GCC_WARN_UNDECLARED_SELECTOR = YES;
				GCC_WARN_UNINITIALIZED_AUTOS = YES_AGGRESSIVE;
				GCC_WARN_UNUSED_FUNCTION = YES;
				GCC_WARN_UNUSED_VARIABLE = YES;
				IPHONEOS_DEPLOYMENT_TARGET = 16.1;
				LOCALIZATION_PREFERS_STRING_CATALOGS = YES;
				MTL_ENABLE_DEBUG_INFO = INCLUDE_SOURCE;
				MTL_FAST_MATH = YES;
				ONLY_ACTIVE_ARCH = YES;
				SDKROOT = iphoneos;
				SWIFT_ACTIVE_COMPILATION_CONDITIONS = "DEBUG $(inherited)";
				SWIFT_OPTIMIZATION_LEVEL = "-Onone";
			};
			name = Debug;
		};
		3ED854572B2A4117007C0B3D /* Release */ = {
			isa = XCBuildConfiguration;
			buildSettings = {
				ALWAYS_SEARCH_USER_PATHS = NO;
				ASSETCATALOG_COMPILER_GENERATE_SWIFT_ASSET_SYMBOL_EXTENSIONS = YES;
				CLANG_ANALYZER_NONNULL = YES;
				CLANG_ANALYZER_NUMBER_OBJECT_CONVERSION = YES_AGGRESSIVE;
				CLANG_CXX_LANGUAGE_STANDARD = "gnu++20";
				CLANG_ENABLE_MODULES = YES;
				CLANG_ENABLE_OBJC_ARC = YES;
				CLANG_ENABLE_OBJC_WEAK = YES;
				CLANG_WARN_BLOCK_CAPTURE_AUTORELEASING = YES;
				CLANG_WARN_BOOL_CONVERSION = YES;
				CLANG_WARN_COMMA = YES;
				CLANG_WARN_CONSTANT_CONVERSION = YES;
				CLANG_WARN_DEPRECATED_OBJC_IMPLEMENTATIONS = YES;
				CLANG_WARN_DIRECT_OBJC_ISA_USAGE = YES_ERROR;
				CLANG_WARN_DOCUMENTATION_COMMENTS = YES;
				CLANG_WARN_EMPTY_BODY = YES;
				CLANG_WARN_ENUM_CONVERSION = YES;
				CLANG_WARN_INFINITE_RECURSION = YES;
				CLANG_WARN_INT_CONVERSION = YES;
				CLANG_WARN_NON_LITERAL_NULL_CONVERSION = YES;
				CLANG_WARN_OBJC_IMPLICIT_RETAIN_SELF = YES;
				CLANG_WARN_OBJC_LITERAL_CONVERSION = YES;
				CLANG_WARN_OBJC_ROOT_CLASS = YES_ERROR;
				CLANG_WARN_QUOTED_INCLUDE_IN_FRAMEWORK_HEADER = YES;
				CLANG_WARN_RANGE_LOOP_ANALYSIS = YES;
				CLANG_WARN_STRICT_PROTOTYPES = YES;
				CLANG_WARN_SUSPICIOUS_MOVE = YES;
				CLANG_WARN_UNGUARDED_AVAILABILITY = YES_AGGRESSIVE;
				CLANG_WARN_UNREACHABLE_CODE = YES;
				CLANG_WARN__DUPLICATE_METHOD_MATCH = YES;
				COPY_PHASE_STRIP = NO;
				DEBUG_INFORMATION_FORMAT = "dwarf-with-dsym";
				ENABLE_NS_ASSERTIONS = NO;
				ENABLE_STRICT_OBJC_MSGSEND = YES;
				ENABLE_USER_SCRIPT_SANDBOXING = YES;
				GCC_C_LANGUAGE_STANDARD = gnu17;
				GCC_NO_COMMON_BLOCKS = YES;
				GCC_WARN_64_TO_32_BIT_CONVERSION = YES;
				GCC_WARN_ABOUT_RETURN_TYPE = YES_ERROR;
				GCC_WARN_UNDECLARED_SELECTOR = YES;
				GCC_WARN_UNINITIALIZED_AUTOS = YES_AGGRESSIVE;
				GCC_WARN_UNUSED_FUNCTION = YES;
				GCC_WARN_UNUSED_VARIABLE = YES;
				IPHONEOS_DEPLOYMENT_TARGET = 16.1;
				LOCALIZATION_PREFERS_STRING_CATALOGS = YES;
				MTL_ENABLE_DEBUG_INFO = NO;
				MTL_FAST_MATH = YES;
				SDKROOT = iphoneos;
				SWIFT_COMPILATION_MODE = wholemodule;
				VALIDATE_PRODUCT = YES;
			};
			name = Release;
		};
		3ED854592B2A4117007C0B3D /* Debug */ = {
			isa = XCBuildConfiguration;
			buildSettings = {
				ASSETCATALOG_COMPILER_APPICON_NAME = AppIcon;
				ASSETCATALOG_COMPILER_GLOBAL_ACCENT_COLOR_NAME = AccentColor;
				CODE_SIGN_STYLE = Automatic;
				CURRENT_PROJECT_VERSION = 1;
				DEVELOPMENT_ASSET_PATHS = "\"Fitwise AI/Preview Content\"";
				DEVELOPMENT_TEAM = TWU2W43LJV;
				ENABLE_PREVIEWS = YES;
				GENERATE_INFOPLIST_FILE = YES;
				INFOPLIST_KEY_CFBundleDisplayName = Fitwise;
				INFOPLIST_KEY_UIApplicationSceneManifest_Generation = YES;
				INFOPLIST_KEY_UIApplicationSupportsIndirectInputEvents = YES;
				INFOPLIST_KEY_UILaunchScreen_Generation = YES;
				INFOPLIST_KEY_UISupportedInterfaceOrientations_iPad = "UIInterfaceOrientationPortrait UIInterfaceOrientationPortraitUpsideDown UIInterfaceOrientationLandscapeLeft UIInterfaceOrientationLandscapeRight";
				INFOPLIST_KEY_UISupportedInterfaceOrientations_iPhone = "UIInterfaceOrientationPortrait UIInterfaceOrientationLandscapeLeft UIInterfaceOrientationLandscapeRight";
				IPHONEOS_DEPLOYMENT_TARGET = 16.1;
				LD_RUNPATH_SEARCH_PATHS = (
					"$(inherited)",
					"@executable_path/Frameworks",
				);
				MARKETING_VERSION = 1.0;
				PRODUCT_BUNDLE_IDENTIFIER = com.keshav.fitwise;
				PRODUCT_NAME = "$(TARGET_NAME)";
				SUPPORTED_PLATFORMS = "iphoneos iphonesimulator";
				SUPPORTS_MACCATALYST = NO;
				SUPPORTS_MAC_DESIGNED_FOR_IPHONE_IPAD = NO;
				SWIFT_EMIT_LOC_STRINGS = YES;
				SWIFT_VERSION = 5.0;
				TARGETED_DEVICE_FAMILY = 1;
			};
			name = Debug;
		};
		3ED8545A2B2A4117007C0B3D /* Release */ = {
			isa = XCBuildConfiguration;
			buildSettings = {
				ASSETCATALOG_COMPILER_APPICON_NAME = AppIcon;
				ASSETCATALOG_COMPILER_GLOBAL_ACCENT_COLOR_NAME = AccentColor;
				CODE_SIGN_STYLE = Automatic;
				CURRENT_PROJECT_VERSION = 1;
				DEVELOPMENT_ASSET_PATHS = "\"Fitwise AI/Preview Content\"";
				DEVELOPMENT_TEAM = TWU2W43LJV;
				ENABLE_PREVIEWS = YES;
				GENERATE_INFOPLIST_FILE = YES;
				INFOPLIST_KEY_CFBundleDisplayName = Fitwise;
				INFOPLIST_KEY_UIApplicationSceneManifest_Generation = YES;
				INFOPLIST_KEY_UIApplicationSupportsIndirectInputEvents = YES;
				INFOPLIST_KEY_UILaunchScreen_Generation = YES;
				INFOPLIST_KEY_UISupportedInterfaceOrientations_iPad = "UIInterfaceOrientationPortrait UIInterfaceOrientationPortraitUpsideDown UIInterfaceOrientationLandscapeLeft UIInterfaceOrientationLandscapeRight";
				INFOPLIST_KEY_UISupportedInterfaceOrientations_iPhone = "UIInterfaceOrientationPortrait UIInterfaceOrientationLandscapeLeft UIInterfaceOrientationLandscapeRight";
				IPHONEOS_DEPLOYMENT_TARGET = 16.1;
				LD_RUNPATH_SEARCH_PATHS = (
					"$(inherited)",
					"@executable_path/Frameworks",
				);
				MARKETING_VERSION = 1.0;
				PRODUCT_BUNDLE_IDENTIFIER = com.keshav.fitwise;
				PRODUCT_NAME = "$(TARGET_NAME)";
				SUPPORTED_PLATFORMS = "iphoneos iphonesimulator";
				SUPPORTS_MACCATALYST = NO;
				SUPPORTS_MAC_DESIGNED_FOR_IPHONE_IPAD = NO;
				SWIFT_EMIT_LOC_STRINGS = YES;
				SWIFT_VERSION = 5.0;
				TARGETED_DEVICE_FAMILY = 1;
			};
			name = Release;
		};
/* End XCBuildConfiguration section */

/* Begin XCConfigurationList section */
		3ED854452B2A4116007C0B3D /* Build configuration list for PBXProject "Fitwise AI" */ = {
			isa = XCConfigurationList;
			buildConfigurations = (
				3ED854562B2A4117007C0B3D /* Debug */,
				3ED854572B2A4117007C0B3D /* Release */,
			);
			defaultConfigurationIsVisible = 0;
			defaultConfigurationName = Release;
		};
		3ED854582B2A4117007C0B3D /* Build configuration list for PBXNativeTarget "Fitwise AI" */ = {
			isa = XCConfigurationList;
			buildConfigurations = (
				3ED854592B2A4117007C0B3D /* Debug */,
				3ED8545A2B2A4117007C0B3D /* Release */,
			);
			defaultConfigurationIsVisible = 0;
			defaultConfigurationName = Release;
		};
/* End XCConfigurationList section */

/* Begin XCRemoteSwiftPackageReference section */
		3ED8547B2B2A4201007C0B3D /* XCRemoteSwiftPackageReference "realm-swift" */ = {
			isa = XCRemoteSwiftPackageReference;
			repositoryURL = "https://github.com/realm/realm-swift";
			requirement = {
				branch = master;
				kind = branch;
			};
		};
/* End XCRemoteSwiftPackageReference section */

/* Begin XCSwiftPackageProductDependency section */
		3ED8547C2B2A4201007C0B3D /* Realm */ = {
			isa = XCSwiftPackageProductDependency;
			package = 3ED8547B2B2A4201007C0B3D /* XCRemoteSwiftPackageReference "realm-swift" */;
			productName = Realm;
		};
		3ED8547E2B2A4201007C0B3D /* RealmSwift */ = {
			isa = XCSwiftPackageProductDependency;
			package = 3ED8547B2B2A4201007C0B3D /* XCRemoteSwiftPackageReference "realm-swift" */;
			productName = RealmSwift;
		};
/* End XCSwiftPackageProductDependency section */
	};
	rootObject = 3ED854422B2A4116007C0B3D /* Project object */;
}
